
Microsoft Visual Studio Solution File, Format Version 12.00
# Visual Studio Version 17
VisualStudioVersion = 17.0.32112.339
MinimumVisualStudioVersion = 10.0.40219.1
Project("{FAE04EC0-301F-11D3-BF4B-00C04F79EFBC}") = "ContosoCrafts.Website", "ContosoCrafts.Website\ContosoCrafts.Website.csproj", "{BC9B0DFF-382D-4E08-BF7E-9B5C0AE403FD}"
EndProject
Global
	GlobalSection(SolutionConfigurationPlatforms) = preSolution
		Debug|Any CPU = Debug|Any CPU
		Release|Any CPU = Release|Any CPU
	EndGlobalSection
	GlobalSection(ProjectConfigurationPlatforms) = postSolution
		{BC9B0DFF-382D-4E08-BF7E-9B5C0AE403FD}.Debug|Any CPU.ActiveCfg = Debug|Any CPU
		{BC9B0DFF-382D-4E08-BF7E-9B5C0AE403FD}.Debug|Any CPU.Build.0 = Debug|Any CPU
		{BC9B0DFF-382D-4E08-BF7E-9B5C0AE403FD}.Release|Any CPU.ActiveCfg = Release|Any CPU
		{BC9B0DFF-382D-4E08-BF7E-9B5C0AE403FD}.Release|Any CPU.Build.0 = Release|Any CPU
	EndGlobalSection
	GlobalSection(SolutionProperties) = preSolution
		HideSolutionNode = FALSE
	EndGlobalSection
	GlobalSection(ExtensibilityGlobals) = postSolution
		SolutionGuid = {91305678-658B-44A1-95D9-48F04CEE78D9}
	EndGlobalSection
EndGlobal
